{
  "nodes": {
    "darwin": {
      "inputs": {
        "nixpkgs": [
          "nixpkgs"
        ]
      },
      "locked": {
        "lastModified": 1715653378,
        "narHash": "sha256-6kbg/PI3+SBP17f4T0js3CBsMLVtlD0JqJhDKgzk1mQ=",
        "owner": "lnl7",
        "repo": "nix-darwin",
        "rev": "de8b0d60d6fd34f35abffc46adc94ebaa6996ce2",
        "type": "github"
      },
      "original": {
        "owner": "lnl7",
        "repo": "nix-darwin",
        "type": "github"
      }
    },
    "home-manager": {
      "inputs": {
        "nixpkgs": [
          "nixpkgs"
        ]
      },
      "locked": {
        "lastModified": 1715486357,
        "narHash": "sha256-4pRuzsHZOW5W4CsXI9uhKtiJeQSUoe1d2M9mWU98HC4=",
        "owner": "nix-community",
        "repo": "home-manager",
        "rev": "44677a1c96810a8e8c4ffaeaad10c842402647c1",
        "type": "github"
      },
      "original": {
        "owner": "nix-community",
        "repo": "home-manager",
        "type": "github"
      }
    },
    "nixpkgs": {
      "locked": {
        "lastModified": 1715653339,
        "narHash": "sha256-7lR9tpVXviSccl07GXI0+ve/natd24HAkuy1sQp0OlI=",
        "owner": "nixos",
        "repo": "nixpkgs",
        "rev": "abd6d48f8c77bea7dc51beb2adfa6ed3950d2585",
        "type": "github"
      },
      "original": {
        "owner": "nixos",
        "ref": "nixpkgs-unstable",
        "repo": "nixpkgs",
        "type": "github"
      }
    },
    "nixpkgs-stable": {
      "locked": {
        "lastModified": 1688392541,
        "narHash": "sha256-lHrKvEkCPTUO+7tPfjIcb7Trk6k31rz18vkyqmkeJfY=",
        "owner": "nixos",
        "repo": "nixpkgs",
        "rev": "ea4c80b39be4c09702b0cb3b42eab59e2ba4f24b",
        "type": "github"
      },
      "original": {
        "owner": "nixos",
        "ref": "nixos-22.11",
        "repo": "nixpkgs",
        "type": "github"
      }
    },
    "pkgs_kubectl_1_28_4": {
      "locked": {
        "lastModified": 1700315389,
        "narHash": "sha256-9OcqkzkcExqkBGnvzdkn/VtaYlRj07zjHMqCFc+bvcQ=",
        "owner": "nixos",
        "repo": "nixpkgs",
        "rev": "ffb4d9542a9fab7cc5fe34fdaa5378d398ab3a99",
        "type": "github"
      },
      "original": {
        "owner": "nixos",
        "repo": "nixpkgs",
        "rev": "ffb4d9542a9fab7cc5fe34fdaa5378d398ab3a99",
        "type": "github"
      }
    },
    "root": {
      "inputs": {
        "darwin": "darwin",
        "home-manager": "home-manager",
        "nixpkgs": "nixpkgs",
        "nixpkgs-stable": "nixpkgs-stable",
        "pkgs_kubectl_1_28_4": "pkgs_kubectl_1_28_4",
        "thymesaver": "thymesaver"
      }
    },
    "thymesaver": {
      "flake": false,
      "locked": {
        "lastModified": 1711490701,
        "narHash": "sha256-pUTMYkjonH1P/hPeFB7+9zBEhcndlXjStiiSIXUWWnc=",
        "ref": "main",
        "rev": "9c6d96da588bb9e471058f289c37d98e9c1ba280",
        "revCount": 538,
        "type": "git",
        "url": "ssh://git@github.com/thymecare/thymesaver"
      },
      "original": {
        "ref": "main",
        "type": "git",
        "url": "ssh://git@github.com/thymecare/thymesaver"
      }
    }
  },
  "root": "root",
  "version": 7
}
