{
  "nodes": {
    "darwin": {
      "inputs": {
        "nixpkgs": [
          "nixpkgs"
        ]
      },
      "locked": {
        "lastModified": 1681154394,
        "narHash": "sha256-avnu1K9AuouygBiwVKuDp6emiTET43az3rcpv0ctLjc=",
        "owner": "lnl7",
        "repo": "nix-darwin",
        "rev": "025912529dd0b31dead95519e944ea05f1ad56f2",
        "type": "github"
      },
      "original": {
        "owner": "lnl7",
        "repo": "nix-darwin",
        "type": "github"
      }
    },
    "home-manager": {
      "inputs": {
        "nixpkgs": [
          "nixpkgs"
        ]
      },
      "locked": {
        "lastModified": 1681468923,
        "narHash": "sha256-+X2oO4juRVhQRs002mn8km6PODccIRiz09c2K1xtSpY=",
        "owner": "nix-community",
        "repo": "home-manager",
        "rev": "17198cf5ae27af5b647c7dac58d935a7d0dbd189",
        "type": "github"
      },
      "original": {
        "owner": "nix-community",
        "repo": "home-manager",
        "type": "github"
      }
    },
    "nixpkgs": {
      "locked": {
        "lastModified": 1681389457,
        "narHash": "sha256-Z6TRJ2aI1eRd+kICdrkNyL2aH7XKw8ogzLdtGz1Q9qI=",
        "owner": "nixos",
        "repo": "nixpkgs",
        "rev": "c58e6fbf258df1572b535ac1868ec42faf7675dd",
        "type": "github"
      },
      "original": {
        "owner": "nixos",
        "ref": "nixpkgs-unstable",
        "repo": "nixpkgs",
        "type": "github"
      }
    },
    "nixpkgs-stable": {
      "locked": {
        "lastModified": 1681269223,
        "narHash": "sha256-i6OeI2f7qGvmLfD07l1Az5iBL+bFeP0RHixisWtpUGo=",
        "owner": "nixos",
        "repo": "nixpkgs",
        "rev": "87edbd74246ccdfa64503f334ed86fa04010bab9",
        "type": "github"
      },
      "original": {
        "owner": "nixos",
        "ref": "nixos-22.11",
        "repo": "nixpkgs",
        "type": "github"
      }
    },
    "pkgs_kubectl_1_21_3": {
      "locked": {
        "lastModified": 1627468042,
        "narHash": "sha256-m8NNcwZfeBBCQaybOMj5RylEWQDSS34Qb5p9hPLh1A0=",
        "owner": "nixos",
        "repo": "nixpkgs",
        "rev": "b9acd426df4b1ae98da24f1a973968f83f5dcb19",
        "type": "github"
      },
      "original": {
        "owner": "nixos",
        "repo": "nixpkgs",
        "rev": "b9acd426df4b1ae98da24f1a973968f83f5dcb19",
        "type": "github"
      }
    },
    "root": {
      "inputs": {
        "darwin": "darwin",
        "home-manager": "home-manager",
        "nixpkgs": "nixpkgs",
        "nixpkgs-stable": "nixpkgs-stable",
        "pkgs_kubectl_1_21_3": "pkgs_kubectl_1_21_3",
        "thymesaver": "thymesaver"
      }
    },
    "thymesaver": {
      "flake": false,
      "locked": {
        "lastModified": 1680012389,
        "narHash": "sha256-ra9PClfPxpDP2EP9utXHItjTF3A4lypGMJb+sKJY6zA=",
        "ref": "main",
        "rev": "42ae46a613b300604fff9c406ec67624b9432de7",
        "revCount": 402,
        "type": "git",
        "url": "ssh://git@github.com/thymecare/thymesaver"
      },
      "original": {
        "ref": "main",
        "type": "git",
        "url": "ssh://git@github.com/thymecare/thymesaver"
      }
    }
  },
  "root": "root",
  "version": 7
}
